
Microsoft Visual Studio Solution File, Format Version 12.00
# Visual Studio Version 17
VisualStudioVersion = 17.10.35122.118
MinimumVisualStudioVersion = 10.0.40219.1
Project("{9A19103F-16F7-4668-BE54-9A1E7A4F7556}") = "VNGAssignment", "VNGAssignment\VNGAssignment.csproj", "{2A7068ED-1DF7-4979-A360-A0C7521AF35D}"
EndProject
Project("{9A19103F-16F7-4668-BE54-9A1E7A4F7556}") = "VNGAssignment.Tests", "VNGAssignment.Tests\VNGAssignment.Tests.csproj", "{A0A65C6A-E92B-4DD8-B87B-9EE8BCC0864C}"
EndProject
Global
	GlobalSection(SolutionConfigurationPlatforms) = preSolution
		Debug|Any CPU = Debug|Any CPU
		Release|Any CPU = Release|Any CPU
	EndGlobalSection
	GlobalSection(ProjectConfigurationPlatforms) = postSolution
		{2A7068ED-1DF7-4979-A360-A0C7521AF35D}.Debug|Any CPU.ActiveCfg = Debug|Any CPU
		{2A7068ED-1DF7-4979-A360-A0C7521AF35D}.Debug|Any CPU.Build.0 = Debug|Any CPU
		{2A7068ED-1DF7-4979-A360-A0C7521AF35D}.Release|Any CPU.ActiveCfg = Release|Any CPU
		{2A7068ED-1DF7-4979-A360-A0C7521AF35D}.Release|Any CPU.Build.0 = Release|Any CPU
		{A0A65C6A-E92B-4DD8-B87B-9EE8BCC0864C}.Debug|Any CPU.ActiveCfg = Debug|Any CPU
		{A0A65C6A-E92B-4DD8-B87B-9EE8BCC0864C}.Debug|Any CPU.Build.0 = Debug|Any CPU
		{A0A65C6A-E92B-4DD8-B87B-9EE8BCC0864C}.Release|Any CPU.ActiveCfg = Release|Any CPU
		{A0A65C6A-E92B-4DD8-B87B-9EE8BCC0864C}.Release|Any CPU.Build.0 = Release|Any CPU
	EndGlobalSection
	GlobalSection(SolutionProperties) = preSolution
		HideSolutionNode = FALSE
	EndGlobalSection
	GlobalSection(ExtensibilityGlobals) = postSolution
		SolutionGuid = {17B1CC18-8D68-4EE7-85E5-3FD306BCDA6A}
	EndGlobalSection
EndGlobal
